
Microsoft Visual Studio Solution File, Format Version 12.00
# Visual Studio Version 17
VisualStudioVersion = 17.8.34511.84
MinimumVisualStudioVersion = 10.0.40219.1
Project("{FAE04EC0-301F-11D3-BF4B-00C04F79EFBC}") = "CodeLinker", "CodeLinker.csproj", "{66D338B3-B67B-473B-97E7-95BD04CC86E9}"
EndProject
Global
	GlobalSection(SolutionConfigurationPlatforms) = preSolution
		Debug|Any CPU = Debug|Any CPU
		Release|Any CPU = Release|Any CPU
	EndGlobalSection
	GlobalSection(ProjectConfigurationPlatforms) = postSolution
		{66D338B3-B67B-473B-97E7-95BD04CC86E9}.Debug|Any CPU.ActiveCfg = Debug|Any CPU
		{66D338B3-B67B-473B-97E7-95BD04CC86E9}.Debug|Any CPU.Build.0 = Debug|Any CPU
		{66D338B3-B67B-473B-97E7-95BD04CC86E9}.Release|Any CPU.ActiveCfg = Release|Any CPU
		{66D338B3-B67B-473B-97E7-95BD04CC86E9}.Release|Any CPU.Build.0 = Release|Any CPU
	EndGlobalSection
	GlobalSection(SolutionProperties) = preSolution
		HideSolutionNode = FALSE
	EndGlobalSection
	GlobalSection(ExtensibilityGlobals) = postSolution
		SolutionGuid = {96AA4EE4-A799-48E7-BAFF-BD330BF814F4}
	EndGlobalSection
EndGlobal
